{
  "name": "reservation",
  "version": "1.0.0",
  "lockfileVersion": 2,
  "requires": true,
  "packages": {
    "": {
      "name": "reservation",
      "version": "1.0.0",
      "license": "MIT",
      "dependencies": {
        "lin-ui": "^0.9.9"
      }
    },
    "node_modules/lin-ui": {
      "version": "0.9.9",
      "resolved": "https://mirrors.cloud.tencent.com/npm/lin-ui/-/lin-ui-0.9.9.tgz",
      "integrity": "sha512-T2s9UHJls+v9Um413wTiepUmtt5333eA/tFCz+djrMFC8eijqwt8JRePlZSebY4JXniUOT3rrBWre8aYJAEV0g==",
      "license": "MIT"
    }
  },
  "dependencies": {
    "lin-ui": {
      "version": "0.9.9",
      "resolved": "https://mirrors.cloud.tencent.com/npm/lin-ui/-/lin-ui-0.9.9.tgz",
      "integrity": "sha512-T2s9UHJls+v9Um413wTiepUmtt5333eA/tFCz+djrMFC8eijqwt8JRePlZSebY4JXniUOT3rrBWre8aYJAEV0g=="
    }
  }
}
